
Microsoft Visual Studio Solution File, Format Version 12.00
# Visual Studio Version 17
VisualStudioVersion = 17.4.33403.182
MinimumVisualStudioVersion = 10.0.40219.1
Project("{FAE04EC0-301F-11D3-BF4B-00C04F79EFBC}") = "CalculatorMenu", "CalculatorMenu\CalculatorMenu.csproj", "{14200916-C477-43DA-B78F-EF12261CE2C2}"
EndProject
Global
	GlobalSection(SolutionConfigurationPlatforms) = preSolution
		Debug|Any CPU = Debug|Any CPU
		Release|Any CPU = Release|Any CPU
	EndGlobalSection
	GlobalSection(ProjectConfigurationPlatforms) = postSolution
		{14200916-C477-43DA-B78F-EF12261CE2C2}.Debug|Any CPU.ActiveCfg = Debug|Any CPU
		{14200916-C477-43DA-B78F-EF12261CE2C2}.Debug|Any CPU.Build.0 = Debug|Any CPU
		{14200916-C477-43DA-B78F-EF12261CE2C2}.Release|Any CPU.ActiveCfg = Release|Any CPU
		{14200916-C477-43DA-B78F-EF12261CE2C2}.Release|Any CPU.Build.0 = Release|Any CPU
	EndGlobalSection
	GlobalSection(SolutionProperties) = preSolution
		HideSolutionNode = FALSE
	EndGlobalSection
	GlobalSection(ExtensibilityGlobals) = postSolution
		SolutionGuid = {10974ED1-F3B9-4283-8468-11A35B6EDE28}
	EndGlobalSection
EndGlobal
